
Microsoft Visual Studio Solution File, Format Version 12.00
# Visual Studio Version 17
VisualStudioVersion = 17.3.32922.545
MinimumVisualStudioVersion = 10.0.40219.1
Project("{9A19103F-16F7-4668-BE54-9A1E7A4F7556}") = "02-Conditionals", "02-Conditionals\02-Conditionals.csproj", "{02E6CBEC-783E-4384-A1DD-08C98F40895E}"
EndProject
Project("{9A19103F-16F7-4668-BE54-9A1E7A4F7556}") = "01 TypesAndVariables", "01 TypesAndVariables\01 TypesAndVariables.csproj", "{D606409E-7CB0-4195-95F3-F9D8F48A8E16}"
EndProject
Project("{9A19103F-16F7-4668-BE54-9A1E7A4F7556}") = "03-Methods", "03-Methods\03-Methods.csproj", "{993CCB8E-8752-4489-A943-B2010856CAE3}"
EndProject
Project("{FAE04EC0-301F-11D3-BF4B-00C04F79EFBC}") = "04-Arrays", "04-Arrays\04-Arrays.csproj", "{40785A98-7362-496B-84C2-149A6FE44571}"
EndProject
Project("{FAE04EC0-301F-11D3-BF4B-00C04F79EFBC}") = "05-Donguler", "05-Donguler\05-Donguler.csproj", "{AD687B22-B437-4CF6-9605-7747F53DBE12}"
EndProject
Global
	GlobalSection(SolutionConfigurationPlatforms) = preSolution
		Debug|Any CPU = Debug|Any CPU
		Release|Any CPU = Release|Any CPU
	EndGlobalSection
	GlobalSection(ProjectConfigurationPlatforms) = postSolution
		{02E6CBEC-783E-4384-A1DD-08C98F40895E}.Debug|Any CPU.ActiveCfg = Debug|Any CPU
		{02E6CBEC-783E-4384-A1DD-08C98F40895E}.Debug|Any CPU.Build.0 = Debug|Any CPU
		{02E6CBEC-783E-4384-A1DD-08C98F40895E}.Release|Any CPU.ActiveCfg = Release|Any CPU
		{02E6CBEC-783E-4384-A1DD-08C98F40895E}.Release|Any CPU.Build.0 = Release|Any CPU
		{D606409E-7CB0-4195-95F3-F9D8F48A8E16}.Debug|Any CPU.ActiveCfg = Debug|Any CPU
		{D606409E-7CB0-4195-95F3-F9D8F48A8E16}.Debug|Any CPU.Build.0 = Debug|Any CPU
		{D606409E-7CB0-4195-95F3-F9D8F48A8E16}.Release|Any CPU.ActiveCfg = Release|Any CPU
		{D606409E-7CB0-4195-95F3-F9D8F48A8E16}.Release|Any CPU.Build.0 = Release|Any CPU
		{993CCB8E-8752-4489-A943-B2010856CAE3}.Debug|Any CPU.ActiveCfg = Debug|Any CPU
		{993CCB8E-8752-4489-A943-B2010856CAE3}.Debug|Any CPU.Build.0 = Debug|Any CPU
		{993CCB8E-8752-4489-A943-B2010856CAE3}.Release|Any CPU.ActiveCfg = Release|Any CPU
		{993CCB8E-8752-4489-A943-B2010856CAE3}.Release|Any CPU.Build.0 = Release|Any CPU
		{40785A98-7362-496B-84C2-149A6FE44571}.Debug|Any CPU.ActiveCfg = Debug|Any CPU
		{40785A98-7362-496B-84C2-149A6FE44571}.Debug|Any CPU.Build.0 = Debug|Any CPU
		{40785A98-7362-496B-84C2-149A6FE44571}.Release|Any CPU.ActiveCfg = Release|Any CPU
		{40785A98-7362-496B-84C2-149A6FE44571}.Release|Any CPU.Build.0 = Release|Any CPU
		{AD687B22-B437-4CF6-9605-7747F53DBE12}.Debug|Any CPU.ActiveCfg = Debug|Any CPU
		{AD687B22-B437-4CF6-9605-7747F53DBE12}.Debug|Any CPU.Build.0 = Debug|Any CPU
		{AD687B22-B437-4CF6-9605-7747F53DBE12}.Release|Any CPU.ActiveCfg = Release|Any CPU
		{AD687B22-B437-4CF6-9605-7747F53DBE12}.Release|Any CPU.Build.0 = Release|Any CPU
	EndGlobalSection
	GlobalSection(SolutionProperties) = preSolution
		HideSolutionNode = FALSE
	EndGlobalSection
	GlobalSection(ExtensibilityGlobals) = postSolution
		SolutionGuid = {DB21F415-AB84-4B11-A14D-FDF18D5EA41C}
	EndGlobalSection
EndGlobal
